PODS:
  - youtube-ios-player-helper (0.1.6)
  - YouTubeFloatingPlayer (2.0.1):
    - youtube-ios-player-helper

DEPENDENCIES:
  - YouTubeFloatingPlayer (from `../`)

SPEC REPOS:
  https://github.com/CocoaPods/Specs.git:
    - youtube-ios-player-helper

EXTERNAL SOURCES:
  YouTubeFloatingPlayer:
    :path: "../"

SPEC CHECKSUMS:
  youtube-ios-player-helper: 21ab92db027c7ff86cb17a3843a3f6eafc8158d2
  YouTubeFloatingPlayer: 6adaca65048092c78233ab6ac1f5620c4987eab5

PODFILE CHECKSUM: 63f54f4c575dc660c502179f6c21f83f544ffc0c

COCOAPODS: 1.10.1
